
Microsoft Visual Studio Solution File, Format Version 12.00
# Visual Studio Version 16
VisualStudioVersion = 16.0.29505.145
MinimumVisualStudioVersion = 10.0.40219.1
Project("{FAE04EC0-301F-11D3-BF4B-00C04F79EFBC}") = "MagicMirrorWorker", "src/MagicMirrorWorker\MagicMirrorWorker.csproj", "{6688260B-C04C-4D76-9E4A-1383DABC7595}"
EndProject
Project("{FAE04EC0-301F-11D3-BF4B-00C04F79EFBC}") = "MagicMirrorBlazor", "src/MagicMirrorBlazor\MagicMirrorBlazor.csproj", "{01DD8CB2-6FA1-4100-ACF9-C5824C9310DB}"
EndProject
Project("{FAE04EC0-301F-11D3-BF4B-00C04F79EFBC}") = "WeatherClientLib", "src/WeatherClientLib\WeatherClientLib.csproj", "{BA2D388C-A885-4C69-97BF-C23AA1289631}"
EndProject
Global
	GlobalSection(SolutionConfigurationPlatforms) = preSolution
		Debug|Any CPU = Debug|Any CPU
		Release|Any CPU = Release|Any CPU
	EndGlobalSection
	GlobalSection(ProjectConfigurationPlatforms) = postSolution
		{6688260B-C04C-4D76-9E4A-1383DABC7595}.Debug|Any CPU.ActiveCfg = Debug|Any CPU
		{6688260B-C04C-4D76-9E4A-1383DABC7595}.Debug|Any CPU.Build.0 = Debug|Any CPU
		{6688260B-C04C-4D76-9E4A-1383DABC7595}.Release|Any CPU.ActiveCfg = Release|Any CPU
		{6688260B-C04C-4D76-9E4A-1383DABC7595}.Release|Any CPU.Build.0 = Release|Any CPU
		{01DD8CB2-6FA1-4100-ACF9-C5824C9310DB}.Debug|Any CPU.ActiveCfg = Debug|Any CPU
		{01DD8CB2-6FA1-4100-ACF9-C5824C9310DB}.Debug|Any CPU.Build.0 = Debug|Any CPU
		{01DD8CB2-6FA1-4100-ACF9-C5824C9310DB}.Release|Any CPU.ActiveCfg = Release|Any CPU
		{01DD8CB2-6FA1-4100-ACF9-C5824C9310DB}.Release|Any CPU.Build.0 = Release|Any CPU
		{BA2D388C-A885-4C69-97BF-C23AA1289631}.Debug|Any CPU.ActiveCfg = Debug|Any CPU
		{BA2D388C-A885-4C69-97BF-C23AA1289631}.Debug|Any CPU.Build.0 = Debug|Any CPU
		{BA2D388C-A885-4C69-97BF-C23AA1289631}.Release|Any CPU.ActiveCfg = Release|Any CPU
		{BA2D388C-A885-4C69-97BF-C23AA1289631}.Release|Any CPU.Build.0 = Release|Any CPU
	EndGlobalSection
	GlobalSection(SolutionProperties) = preSolution
		HideSolutionNode = FALSE
	EndGlobalSection
	GlobalSection(ExtensibilityGlobals) = postSolution
		SolutionGuid = {EF719AA0-0087-4195-831F-97EFF98DA70D}
	EndGlobalSection
EndGlobal
